
Microsoft Visual Studio Solution File, Format Version 12.00
# Visual Studio Express 2012 for Web
Project("{CC5FD16D-436D-48AD-A40C-5A424C6E3E79}") = "Azure", "Azure\Azure.ccproj", "{51E2862E-3F8B-4499-9C99-08740D181D1B}"
EndProject
Project("{FAE04EC0-301F-11D3-BF4B-00C04F79EFBC}") = "WebRole", "WebRole\WebRole.csproj", "{830B81FE-1062-469D-8905-AB1B3A45F42F}"
EndProject
Project("{FAE04EC0-301F-11D3-BF4B-00C04F79EFBC}") = "WorkerRole", "WorkerRole\WorkerRole.csproj", "{572C9991-D619-4EC7-88A4-8C51DE2090A1}"
EndProject
Project("{CC5FD16D-436D-48AD-A40C-5A424C6E3E79}") = "AzureWebOnly", "AzureWebOnly\AzureWebOnly.ccproj", "{3C109CED-CED9-42FF-9465-D495A65530FA}"
EndProject
Global
	GlobalSection(TestCaseManagementSettings) = postSolution
		CategoryFile = Azure.vsmdi
	EndGlobalSection
	GlobalSection(SolutionConfigurationPlatforms) = preSolution
		Debug|Any CPU = Debug|Any CPU
		Release|Any CPU = Release|Any CPU
	EndGlobalSection
	GlobalSection(ProjectConfigurationPlatforms) = postSolution
		{51E2862E-3F8B-4499-9C99-08740D181D1B}.Debug|Any CPU.ActiveCfg = Debug|Any CPU
		{51E2862E-3F8B-4499-9C99-08740D181D1B}.Debug|Any CPU.Build.0 = Debug|Any CPU
		{51E2862E-3F8B-4499-9C99-08740D181D1B}.Release|Any CPU.ActiveCfg = Release|Any CPU
		{51E2862E-3F8B-4499-9C99-08740D181D1B}.Release|Any CPU.Build.0 = Release|Any CPU
		{830B81FE-1062-469D-8905-AB1B3A45F42F}.Debug|Any CPU.ActiveCfg = Debug|Any CPU
		{830B81FE-1062-469D-8905-AB1B3A45F42F}.Debug|Any CPU.Build.0 = Debug|Any CPU
		{830B81FE-1062-469D-8905-AB1B3A45F42F}.Release|Any CPU.ActiveCfg = Release|Any CPU
		{830B81FE-1062-469D-8905-AB1B3A45F42F}.Release|Any CPU.Build.0 = Release|Any CPU
		{572C9991-D619-4EC7-88A4-8C51DE2090A1}.Debug|Any CPU.ActiveCfg = Debug|Any CPU
		{572C9991-D619-4EC7-88A4-8C51DE2090A1}.Debug|Any CPU.Build.0 = Debug|Any CPU
		{572C9991-D619-4EC7-88A4-8C51DE2090A1}.Release|Any CPU.ActiveCfg = Release|Any CPU
		{572C9991-D619-4EC7-88A4-8C51DE2090A1}.Release|Any CPU.Build.0 = Release|Any CPU
		{3C109CED-CED9-42FF-9465-D495A65530FA}.Debug|Any CPU.ActiveCfg = Debug|Any CPU
		{3C109CED-CED9-42FF-9465-D495A65530FA}.Debug|Any CPU.Build.0 = Debug|Any CPU
		{3C109CED-CED9-42FF-9465-D495A65530FA}.Release|Any CPU.ActiveCfg = Release|Any CPU
		{3C109CED-CED9-42FF-9465-D495A65530FA}.Release|Any CPU.Build.0 = Release|Any CPU
	EndGlobalSection
	GlobalSection(SolutionProperties) = preSolution
		HideSolutionNode = FALSE
	EndGlobalSection
EndGlobal
