
Microsoft Visual Studio Solution File, Format Version 12.00
# Visual Studio 2012
Project("{FAE04EC0-301F-11D3-BF4B-00C04F79EFBC}") = "ApiLayer", "ApiLayer\ApiLayer.csproj", "{DD6721D3-1846-43E6-AEA4-2A35EC3ECDB6}"
EndProject
Project("{FAE04EC0-301F-11D3-BF4B-00C04F79EFBC}") = "WCFMock", "WCFMock\WCFMock.csproj", "{1C97CC1D-27E9-4DD0-B1D3-BE0541162ED9}"
EndProject
Project("{2150E333-8FDC-42A3-9474-1A3956D46DE8}") = "Configuration Transforms", "Configuration Transforms", "{42AA2B0F-6D50-46F7-942E-81874A0CFE4D}"
	ProjectSection(SolutionItems) = preProject
		..\..\..\LucyConfig\ConfigTransforms\ApiLayer.web.config.ApnxAppProd.xml = ..\..\..\LucyConfig\ConfigTransforms\ApiLayer.web.config.ApnxAppProd.xml
		..\..\..\LucyConfig\ConfigTransforms\ApiLayer.web.config.ApnxAppSand.xml = ..\..\..\LucyConfig\ConfigTransforms\ApiLayer.web.config.ApnxAppSand.xml
		..\..\..\LucyConfig\ConfigTransforms\ApiLayer.web.config.Cloud.xml = ..\..\..\LucyConfig\ConfigTransforms\ApiLayer.web.config.Cloud.xml
		..\..\..\LucyConfig\ConfigTransforms\ApiLayer.web.config.Integration.xml = ..\..\..\LucyConfig\ConfigTransforms\ApiLayer.web.config.Integration.xml
		..\..\..\LucyConfig\ConfigTransforms\ApiLayer.web.config.Local.xml = ..\..\..\LucyConfig\ConfigTransforms\ApiLayer.web.config.Local.xml
		..\..\..\LucyConfig\ConfigTransforms\ApiLayer.web.config.Production.xml = ..\..\..\LucyConfig\ConfigTransforms\ApiLayer.web.config.Production.xml
	EndProjectSection
EndProject
Project("{FAE04EC0-301F-11D3-BF4B-00C04F79EFBC}") = "ApiLayerUnitTests", "ApiLayerUnitTests\ApiLayerUnitTests.csproj", "{95704E1E-4084-4372-9854-93D3D341DAEE}"
EndProject
Global
	GlobalSection(SolutionConfigurationPlatforms) = preSolution
		Debug|Any CPU = Debug|Any CPU
		Release|Any CPU = Release|Any CPU
	EndGlobalSection
	GlobalSection(ProjectConfigurationPlatforms) = postSolution
		{DD6721D3-1846-43E6-AEA4-2A35EC3ECDB6}.Debug|Any CPU.ActiveCfg = Debug|Any CPU
		{DD6721D3-1846-43E6-AEA4-2A35EC3ECDB6}.Debug|Any CPU.Build.0 = Debug|Any CPU
		{DD6721D3-1846-43E6-AEA4-2A35EC3ECDB6}.Release|Any CPU.ActiveCfg = Release|Any CPU
		{DD6721D3-1846-43E6-AEA4-2A35EC3ECDB6}.Release|Any CPU.Build.0 = Release|Any CPU
		{1C97CC1D-27E9-4DD0-B1D3-BE0541162ED9}.Debug|Any CPU.ActiveCfg = Debug|Any CPU
		{1C97CC1D-27E9-4DD0-B1D3-BE0541162ED9}.Debug|Any CPU.Build.0 = Debug|Any CPU
		{1C97CC1D-27E9-4DD0-B1D3-BE0541162ED9}.Release|Any CPU.ActiveCfg = Release|Any CPU
		{1C97CC1D-27E9-4DD0-B1D3-BE0541162ED9}.Release|Any CPU.Build.0 = Release|Any CPU
		{95704E1E-4084-4372-9854-93D3D341DAEE}.Debug|Any CPU.ActiveCfg = Debug|Any CPU
		{95704E1E-4084-4372-9854-93D3D341DAEE}.Debug|Any CPU.Build.0 = Debug|Any CPU
		{95704E1E-4084-4372-9854-93D3D341DAEE}.Release|Any CPU.ActiveCfg = Release|Any CPU
		{95704E1E-4084-4372-9854-93D3D341DAEE}.Release|Any CPU.Build.0 = Release|Any CPU
	EndGlobalSection
	GlobalSection(SolutionProperties) = preSolution
		HideSolutionNode = FALSE
	EndGlobalSection
EndGlobal
